// !$*UTF8*$!
{
	archiveVersion = 1;
	classes = {
	};
	objectVersion = 46;
	objects = {

/* Begin PBXBuildFile section */
		EB0FA5B51E9FDBFB001D8CA1 /* 244_w10_tester.cpp in Sources */ = {isa = PBXBuildFile; fileRef = EB0FA5AB1E9FDBFB001D8CA1 /* 244_w10_tester.cpp */; };
		EB0FA5B61E9FDBFB001D8CA1 /* Car.cpp in Sources */ = {isa = PBXBuildFile; fileRef = EB0FA5AC1E9FDBFB001D8CA1 /* Car.cpp */; };
		EB0FA5B71E9FDBFB001D8CA1 /* Displayable.cpp in Sources */ = {isa = PBXBuildFile; fileRef = EB0FA5AE1E9FDBFB001D8CA1 /* Displayable.cpp */; };
		EB0FA5B81E9FDBFB001D8CA1 /* Employee.cpp in Sources */ = {isa = PBXBuildFile; fileRef = EB0FA5B01E9FDBFB001D8CA1 /* Employee.cpp */; };
		EB0FA5B91E9FDBFB001D8CA1 /* Student.cpp in Sources */ = {isa = PBXBuildFile; fileRef = EB0FA5B21E9FDBFB001D8CA1 /* Student.cpp */; };
/* End PBXBuildFile section */

/* Begin PBXCopyFilesBuildPhase section */
		EB0FA59F1E9FDA57001D8CA1 /* CopyFiles */ = {
			isa = PBXCopyFilesBuildPhase;
			buildActionMask = 2147483647;
			dstPath = /usr/share/man/man1/;
			dstSubfolderSpec = 0;
			files = (
			);
			runOnlyForDeploymentPostprocessing = 1;
		};
/* End PBXCopyFilesBuildPhase section */

/* Begin PBXFileReference section */
		EB0FA5A11E9FDA57001D8CA1 /* CPP-Banana */ = {isa = PBXFileReference; explicitFileType = "compiled.mach-o.executable"; includeInIndex = 0; path = "CPP-Banana"; sourceTree = BUILT_PRODUCTS_DIR; };
		EB0FA5AB1E9FDBFB001D8CA1 /* 244_w10_tester.cpp */ = {isa = PBXFileReference; fileEncoding = 4; lastKnownFileType = sourcecode.cpp.cpp; path = 244_w10_tester.cpp; sourceTree = "<group>"; };
		EB0FA5AC1E9FDBFB001D8CA1 /* Car.cpp */ = {isa = PBXFileReference; fileEncoding = 4; lastKnownFileType = sourcecode.cpp.cpp; path = Car.cpp; sourceTree = "<group>"; };
		EB0FA5AD1E9FDBFB001D8CA1 /* Car.h */ = {isa = PBXFileReference; fileEncoding = 4; lastKnownFileType = sourcecode.c.h; path = Car.h; sourceTree = "<group>"; };
		EB0FA5AE1E9FDBFB001D8CA1 /* Displayable.cpp */ = {isa = PBXFileReference; fileEncoding = 4; lastKnownFileType = sourcecode.cpp.cpp; path = Displayable.cpp; sourceTree = "<group>"; };
		EB0FA5AF1E9FDBFB001D8CA1 /* Displayable.h */ = {isa = PBXFileReference; fileEncoding = 4; lastKnownFileType = sourcecode.c.h; path = Displayable.h; sourceTree = "<group>"; };
		EB0FA5B01E9FDBFB001D8CA1 /* Employee.cpp */ = {isa = PBXFileReference; fileEncoding = 4; lastKnownFileType = sourcecode.cpp.cpp; path = Employee.cpp; sourceTree = "<group>"; };
		EB0FA5B11E9FDBFB001D8CA1 /* Employee.h */ = {isa = PBXFileReference; fileEncoding = 4; lastKnownFileType = sourcecode.c.h; path = Employee.h; sourceTree = "<group>"; };
		EB0FA5B21E9FDBFB001D8CA1 /* Student.cpp */ = {isa = PBXFileReference; fileEncoding = 4; lastKnownFileType = sourcecode.cpp.cpp; path = Student.cpp; sourceTree = "<group>"; };
		EB0FA5B31E9FDBFB001D8CA1 /* Student.h */ = {isa = PBXFileReference; fileEncoding = 4; lastKnownFileType = sourcecode.c.h; path = Student.h; sourceTree = "<group>"; };
		EB0FA5B41E9FDBFB001D8CA1 /* validate.h */ = {isa = PBXFileReference; fileEncoding = 4; lastKnownFileType = sourcecode.c.h; path = validate.h; sourceTree = "<group>"; };
/* End PBXFileReference section */

/* Begin PBXFrameworksBuildPhase section */
		EB0FA59E1E9FDA57001D8CA1 /* Frameworks */ = {
			isa = PBXFrameworksBuildPhase;
			buildActionMask = 2147483647;
			files = (
			);
			runOnlyForDeploymentPostprocessing = 0;
		};
/* End PBXFrameworksBuildPhase section */

/* Begin PBXGroup section */
		EB0FA5981E9FDA56001D8CA1 = {
			isa = PBXGroup;
			children = (
				EB0FA5A31E9FDA57001D8CA1 /* CPP-Banana */,
				EB0FA5A21E9FDA57001D8CA1 /* Products */,
			);
			sourceTree = "<group>";
		};
		EB0FA5A21E9FDA57001D8CA1 /* Products */ = {
			isa = PBXGroup;
			children = (
				EB0FA5A11E9FDA57001D8CA1 /* CPP-Banana */,
			);
			name = Products;
			sourceTree = "<group>";
		};
		EB0FA5A31E9FDA57001D8CA1 /* CPP-Banana */ = {
			isa = PBXGroup;
			children = (
				EB0FA5AB1E9FDBFB001D8CA1 /* 244_w10_tester.cpp */,
				EB0FA5AC1E9FDBFB001D8CA1 /* Car.cpp */,
				EB0FA5AD1E9FDBFB001D8CA1 /* Car.h */,
				EB0FA5AE1E9FDBFB001D8CA1 /* Displayable.cpp */,
				EB0FA5AF1E9FDBFB001D8CA1 /* Displayable.h */,
				EB0FA5B01E9FDBFB001D8CA1 /* Employee.cpp */,
				EB0FA5B11E9FDBFB001D8CA1 /* Employee.h */,
				EB0FA5B21E9FDBFB001D8CA1 /* Student.cpp */,
				EB0FA5B31E9FDBFB001D8CA1 /* Student.h */,
				EB0FA5B41E9FDBFB001D8CA1 /* validate.h */,
			);
			path = "CPP-Banana";
			sourceTree = "<group>";
		};
/* End PBXGroup section */

/* Begin PBXNativeTarget section */
		EB0FA5A01E9FDA57001D8CA1 /* CPP-Banana */ = {
			isa = PBXNativeTarget;
			buildConfigurationList = EB0FA5A81E9FDA57001D8CA1 /* Build configuration list for PBXNativeTarget "CPP-Banana" */;
			buildPhases = (
				EB0FA59D1E9FDA57001D8CA1 /* Sources */,
				EB0FA59E1E9FDA57001D8CA1 /* Frameworks */,
				EB0FA59F1E9FDA57001D8CA1 /* CopyFiles */,
			);
			buildRules = (
			);
			dependencies = (
			);
			name = "CPP-Banana";
			productName = "CPP-Banana";
			productReference = EB0FA5A11E9FDA57001D8CA1 /* CPP-Banana */;
			productType = "com.apple.product-type.tool";
		};
/* End PBXNativeTarget section */

/* Begin PBXProject section */
		EB0FA5991E9FDA57001D8CA1 /* Project object */ = {
			isa = PBXProject;
			attributes = {
				LastUpgradeCheck = 0830;
				ORGANIZATIONNAME = CPP;
				TargetAttributes = {
					EB0FA5A01E9FDA57001D8CA1 = {
						CreatedOnToolsVersion = 8.3.1;
						DevelopmentTeam = E6GB8JHG7S;
						ProvisioningStyle = Automatic;
					};
				};
			};
			buildConfigurationList = EB0FA59C1E9FDA57001D8CA1 /* Build configuration list for PBXProject "CPP-Banana" */;
			compatibilityVersion = "Xcode 3.2";
			developmentRegion = English;
			hasScannedForEncodings = 0;
			knownRegions = (
				en,
			);
			mainGroup = EB0FA5981E9FDA56001D8CA1;
			productRefGroup = EB0FA5A21E9FDA57001D8CA1 /* Products */;
			projectDirPath = "";
			projectRoot = "";
			targets = (
				EB0FA5A01E9FDA57001D8CA1 /* CPP-Banana */,
			);
		};
/* End PBXProject section */

/* Begin PBXSourcesBuildPhase section */
		EB0FA59D1E9FDA57001D8CA1 /* Sources */ = {
			isa = PBXSourcesBuildPhase;
			buildActionMask = 2147483647;
			files = (
				EB0FA5B81E9FDBFB001D8CA1 /* Employee.cpp in Sources */,
				EB0FA5B61E9FDBFB001D8CA1 /* Car.cpp in Sources */,
				EB0FA5B51E9FDBFB001D8CA1 /* 244_w10_tester.cpp in Sources */,
				EB0FA5B91E9FDBFB001D8CA1 /* Student.cpp in Sources */,
				EB0FA5B71E9FDBFB001D8CA1 /* Displayable.cpp in Sources */,
			);
			runOnlyForDeploymentPostprocessing = 0;
		};
/* End PBXSourcesBuildPhase section */

/* Begin XCBuildConfiguration section */
		EB0FA5A61E9FDA57001D8CA1 /* Debug */ = {
			isa = XCBuildConfiguration;
			buildSettings = {
				ALWAYS_SEARCH_USER_PATHS = NO;
				CLANG_ANALYZER_NONNULL = YES;
				CLANG_ANALYZER_NUMBER_OBJECT_CONVERSION = YES_AGGRESSIVE;
				CLANG_CXX_LANGUAGE_STANDARD = "gnu++0x";
				CLANG_CXX_LIBRARY = "libc++";
				CLANG_ENABLE_MODULES = YES;
				CLANG_ENABLE_OBJC_ARC = YES;
				CLANG_WARN_BOOL_CONVERSION = YES;
				CLANG_WARN_CONSTANT_CONVERSION = YES;
				CLANG_WARN_DIRECT_OBJC_ISA_USAGE = YES_ERROR;
				CLANG_WARN_DOCUMENTATION_COMMENTS = YES;
				CLANG_WARN_EMPTY_BODY = YES;
				CLANG_WARN_ENUM_CONVERSION = YES;
				CLANG_WARN_INFINITE_RECURSION = YES;
				CLANG_WARN_INT_CONVERSION = YES;
				CLANG_WARN_OBJC_ROOT_CLASS = YES_ERROR;
				CLANG_WARN_SUSPICIOUS_MOVE = YES;
				CLANG_WARN_UNREACHABLE_CODE = YES;
				CLANG_WARN__DUPLICATE_METHOD_MATCH = YES;
				CODE_SIGN_IDENTITY = "-";
				COPY_PHASE_STRIP = NO;
				DEBUG_INFORMATION_FORMAT = dwarf;
				ENABLE_STRICT_OBJC_MSGSEND = YES;
				ENABLE_TESTABILITY = YES;
				GCC_C_LANGUAGE_STANDARD = gnu99;
				GCC_DYNAMIC_NO_PIC = NO;
				GCC_NO_COMMON_BLOCKS = YES;
				GCC_OPTIMIZATION_LEVEL = 0;
				GCC_PREPROCESSOR_DEFINITIONS = (
					"DEBUG=1",
					"$(inherited)",
				);
				GCC_WARN_64_TO_32_BIT_CONVERSION = YES;
				GCC_WARN_ABOUT_RETURN_TYPE = YES_ERROR;
				GCC_WARN_UNDECLARED_SELECTOR = YES;
				GCC_WARN_UNINITIALIZED_AUTOS = YES_AGGRESSIVE;
				GCC_WARN_UNUSED_FUNCTION = YES;
				GCC_WARN_UNUSED_VARIABLE = YES;
				MACOSX_DEPLOYMENT_TARGET = 10.12;
				MTL_ENABLE_DEBUG_INFO = YES;
				ONLY_ACTIVE_ARCH = YES;
				SDKROOT = macosx;
			};
			name = Debug;
		};
		EB0FA5A71E9FDA57001D8CA1 /* Release */ = {
			isa = XCBuildConfiguration;
			buildSettings = {
				ALWAYS_SEARCH_USER_PATHS = NO;
				CLANG_ANALYZER_NONNULL = YES;
				CLANG_ANALYZER_NUMBER_OBJECT_CONVERSION = YES_AGGRESSIVE;
				CLANG_CXX_LANGUAGE_STANDARD = "gnu++0x";
				CLANG_CXX_LIBRARY = "libc++";
				CLANG_ENABLE_MODULES = YES;
				CLANG_ENABLE_OBJC_ARC = YES;
				CLANG_WARN_BOOL_CONVERSION = YES;
				CLANG_WARN_CONSTANT_CONVERSION = YES;
				CLANG_WARN_DIRECT_OBJC_ISA_USAGE = YES_ERROR;
				CLANG_WARN_DOCUMENTATION_COMMENTS = YES;
				CLANG_WARN_EMPTY_BODY = YES;
				CLANG_WARN_ENUM_CONVERSION = YES;
				CLANG_WARN_INFINITE_RECURSION = YES;
				CLANG_WARN_INT_CONVERSION = YES;
				CLANG_WARN_OBJC_ROOT_CLASS = YES_ERROR;
				CLANG_WARN_SUSPICIOUS_MOVE = YES;
				CLANG_WARN_UNREACHABLE_CODE = YES;
				CLANG_WARN__DUPLICATE_METHOD_MATCH = YES;
				CODE_SIGN_IDENTITY = "-";
				COPY_PHASE_STRIP = NO;
				DEBUG_INFORMATION_FORMAT = "dwarf-with-dsym";
				ENABLE_NS_ASSERTIONS = NO;
				ENABLE_STRICT_OBJC_MSGSEND = YES;
				GCC_C_LANGUAGE_STANDARD = gnu99;
				GCC_NO_COMMON_BLOCKS = YES;
				GCC_WARN_64_TO_32_BIT_CONVERSION = YES;
				GCC_WARN_ABOUT_RETURN_TYPE = YES_ERROR;
				GCC_WARN_UNDECLARED_SELECTOR = YES;
				GCC_WARN_UNINITIALIZED_AUTOS = YES_AGGRESSIVE;
				GCC_WARN_UNUSED_FUNCTION = YES;
				GCC_WARN_UNUSED_VARIABLE = YES;
				MACOSX_DEPLOYMENT_TARGET = 10.12;
				MTL_ENABLE_DEBUG_INFO = NO;
				SDKROOT = macosx;
			};
			name = Release;
		};
		EB0FA5A91E9FDA57001D8CA1 /* Debug */ = {
			isa = XCBuildConfiguration;
			buildSettings = {
				DEVELOPMENT_TEAM = E6GB8JHG7S;
				PRODUCT_NAME = "$(TARGET_NAME)";
			};
			name = Debug;
		};
		EB0FA5AA1E9FDA57001D8CA1 /* Release */ = {
			isa = XCBuildConfiguration;
			buildSettings = {
				DEVELOPMENT_TEAM = E6GB8JHG7S;
				PRODUCT_NAME = "$(TARGET_NAME)";
			};
			name = Release;
		};
/* End XCBuildConfiguration section */

/* Begin XCConfigurationList section */
		EB0FA59C1E9FDA57001D8CA1 /* Build configuration list for PBXProject "CPP-Banana" */ = {
			isa = XCConfigurationList;
			buildConfigurations = (
				EB0FA5A61E9FDA57001D8CA1 /* Debug */,
				EB0FA5A71E9FDA57001D8CA1 /* Release */,
			);
			defaultConfigurationIsVisible = 0;
			defaultConfigurationName = Release;
		};
		EB0FA5A81E9FDA57001D8CA1 /* Build configuration list for PBXNativeTarget "CPP-Banana" */ = {
			isa = XCConfigurationList;
			buildConfigurations = (
				EB0FA5A91E9FDA57001D8CA1 /* Debug */,
				EB0FA5AA1E9FDA57001D8CA1 /* Release */,
			);
			defaultConfigurationIsVisible = 0;
		};
/* End XCConfigurationList section */
	};
	rootObject = EB0FA5991E9FDA57001D8CA1 /* Project object */;
}
